
Microsoft Visual Studio Solution File, Format Version 12.00
# Visual Studio 2013
VisualStudioVersion = 12.0.31101.0
MinimumVisualStudioVersion = 10.0.40219.1
Project("{FAE04EC0-301F-11D3-BF4B-00C04F79EFBC}") = "Retapp Web Interface", "Retapp Web Interface\Retapp Web Interface.csproj", "{5172F8A3-11F5-490E-8DE2-DC1BD5FBF742}"
EndProject
Global
	GlobalSection(SolutionConfigurationPlatforms) = preSolution
		Debug|Any CPU = Debug|Any CPU
		Release|Any CPU = Release|Any CPU
	EndGlobalSection
	GlobalSection(ProjectConfigurationPlatforms) = postSolution
		{5172F8A3-11F5-490E-8DE2-DC1BD5FBF742}.Debug|Any CPU.ActiveCfg = Debug|Any CPU
		{5172F8A3-11F5-490E-8DE2-DC1BD5FBF742}.Debug|Any CPU.Build.0 = Debug|Any CPU
		{5172F8A3-11F5-490E-8DE2-DC1BD5FBF742}.Release|Any CPU.ActiveCfg = Release|Any CPU
		{5172F8A3-11F5-490E-8DE2-DC1BD5FBF742}.Release|Any CPU.Build.0 = Release|Any CPU
	EndGlobalSection
	GlobalSection(SolutionProperties) = preSolution
		HideSolutionNode = FALSE
	EndGlobalSection
EndGlobal
